
Microsoft Visual Studio Solution File, Format Version 12.00
# Visual Studio Version 17
VisualStudioVersion = 17.9.34728.123
MinimumVisualStudioVersion = 10.0.40219.1
Project("{FAE04EC0-301F-11D3-BF4B-00C04F79EFBC}") = "semana2", "semana2\semana2.csproj", "{69AE6C04-331F-41AF-A70E-59EFC2AB5D1F}"
EndProject
Global
	GlobalSection(SolutionConfigurationPlatforms) = preSolution
		Debug|Any CPU = Debug|Any CPU
		Release|Any CPU = Release|Any CPU
	EndGlobalSection
	GlobalSection(ProjectConfigurationPlatforms) = postSolution
		{69AE6C04-331F-41AF-A70E-59EFC2AB5D1F}.Debug|Any CPU.ActiveCfg = Debug|Any CPU
		{69AE6C04-331F-41AF-A70E-59EFC2AB5D1F}.Debug|Any CPU.Build.0 = Debug|Any CPU
		{69AE6C04-331F-41AF-A70E-59EFC2AB5D1F}.Release|Any CPU.ActiveCfg = Release|Any CPU
		{69AE6C04-331F-41AF-A70E-59EFC2AB5D1F}.Release|Any CPU.Build.0 = Release|Any CPU
	EndGlobalSection
	GlobalSection(SolutionProperties) = preSolution
		HideSolutionNode = FALSE
	EndGlobalSection
	GlobalSection(ExtensibilityGlobals) = postSolution
		SolutionGuid = {1BC2D66B-44DF-49D9-891F-14605D6ED74A}
	EndGlobalSection
EndGlobal
